Microsoft Visual Studio Solution File, Format Version 12.00
# Visual Studio 2012
Project("{FAE04EC0-301F-11D3-BF4B-00C04F79EFBC}") = "Your First Game- 2d Platformer", "Your First Game- 2d Platformer.csproj", "{EFC915D7-A468-4708-A9DD-F337E05A0511}"
EndProject
Global
	GlobalSection(SolutionConfigurationPlatforms) = preSolution
	Debug|Any CPU = Debug|Any CPU
	ExportDebug|Any CPU = ExportDebug|Any CPU
	ExportRelease|Any CPU = ExportRelease|Any CPU
	EndGlobalSection
	GlobalSection(ProjectConfigurationPlatforms) = postSolution
		{EFC915D7-A468-4708-A9DD-F337E05A0511}.Debug|Any CPU.ActiveCfg = Debug|Any CPU
		{EFC915D7-A468-4708-A9DD-F337E05A0511}.Debug|Any CPU.Build.0 = Debug|Any CPU
		{EFC915D7-A468-4708-A9DD-F337E05A0511}.ExportDebug|Any CPU.ActiveCfg = ExportDebug|Any CPU
		{EFC915D7-A468-4708-A9DD-F337E05A0511}.ExportDebug|Any CPU.Build.0 = ExportDebug|Any CPU
		{EFC915D7-A468-4708-A9DD-F337E05A0511}.ExportRelease|Any CPU.ActiveCfg = ExportRelease|Any CPU
		{EFC915D7-A468-4708-A9DD-F337E05A0511}.ExportRelease|Any CPU.Build.0 = ExportRelease|Any CPU
	EndGlobalSection
EndGlobal
